
Microsoft Visual Studio Solution File, Format Version 11.00
# Visual Studio 2010
Project("{FAE04EC0-301F-11D3-BF4B-00C04F79EFBC}") = "Space Travel VR", "Assembly-CSharp.csproj", "{552FEFFF-9C54-DAF4-DF0F-F6752916D986}"
EndProject
Project("{FAE04EC0-301F-11D3-BF4B-00C04F79EFBC}") = "Space Travel VR", "Assembly-CSharp-Editor.csproj", "{EFA922AB-1ADD-EC15-AF9F-DA571FA01318}"
EndProject
Global
	GlobalSection(SolutionConfigurationPlatforms) = preSolution
		Debug|Any CPU = Debug|Any CPU
		Release|Any CPU = Release|Any CPU
	EndGlobalSection
	GlobalSection(ProjectConfigurationPlatforms) = postSolution
		{552FEFFF-9C54-DAF4-DF0F-F6752916D986}.Debug|Any CPU.ActiveCfg = Debug|Any CPU
		{552FEFFF-9C54-DAF4-DF0F-F6752916D986}.Debug|Any CPU.Build.0 = Debug|Any CPU
		{552FEFFF-9C54-DAF4-DF0F-F6752916D986}.Release|Any CPU.ActiveCfg = Release|Any CPU
		{552FEFFF-9C54-DAF4-DF0F-F6752916D986}.Release|Any CPU.Build.0 = Release|Any CPU
		{EFA922AB-1ADD-EC15-AF9F-DA571FA01318}.Debug|Any CPU.ActiveCfg = Debug|Any CPU
		{EFA922AB-1ADD-EC15-AF9F-DA571FA01318}.Debug|Any CPU.Build.0 = Debug|Any CPU
		{EFA922AB-1ADD-EC15-AF9F-DA571FA01318}.Release|Any CPU.ActiveCfg = Release|Any CPU
		{EFA922AB-1ADD-EC15-AF9F-DA571FA01318}.Release|Any CPU.Build.0 = Release|Any CPU
	EndGlobalSection
	GlobalSection(SolutionProperties) = preSolution
		HideSolutionNode = FALSE
	EndGlobalSection
	GlobalSection(MonoDevelopProperties) = preSolution
		StartupItem = Assembly-CSharp.csproj
	EndGlobalSection
EndGlobal
